<?xml version="1.0" encoding="utf-8"?>
<Project ToolsVersion="4.0" xmlns="http://schemas.microsoft.com/developer/msbuild/2003">
  <ItemGroup>
    <Filter Include="Source Files">
      <UniqueIdentifier>{4FC737F1-C7A5-4376-A066-2A32D752A2FF}</UniqueIdentifier>
      <Extensions>cpp;c;cc;cxx;def;odl;idl;hpj;bat;asm;asmx</Extensions>
    </Filter>
    <Filter Include="Header Files">
      <UniqueIdentifier>{93995380-89BD-4b04-88EB-625FBE52EBFB}</UniqueIdentifier>
      <Extensions>h;hpp;hxx;hm;inl;inc;xsd</Extensions>
    </Filter>
    <Filter Include="Resource Files">
      <UniqueIdentifier>{67DA6AB6-F800-4c08-8B7A-83BB121AAD01}</UniqueIdentifier>
      <Extensions>rc;ico;cur;bmp;dlg;rc2;rct;bin;rgs;gif;jpg;jpeg;jpe;resx;tiff;tif;png;wav;mfcribbon-ms</Extensions>
    </Filter>
    <Filter Include="Header Files\World">
      <UniqueIdentifier>{d9297478-437c-49f0-98d7-64e2f378a22d}</UniqueIdentifier>
    </Filter>
    <Filter Include="Header Files\Utility">
      <UniqueIdentifier>{70246adb-312b-4a39-814b-df00afe2bcce}</UniqueIdentifier>
    </Filter>
    <Filter Include="Header Files\World\Scenery">
      <UniqueIdentifier>{4d665ff1-30c8-49ff-8282-c785ca3d9a05}</UniqueIdentifier>
    </Filter>
    <Filter Include="Header Files\World\Interactive">
      <UniqueIdentifier>{ae01a419-445b-488d-9bad-35ab0c4ca77f}</UniqueIdentifier>
    </Filter>
    <Filter Include="Header Files\World\Environment">
      <UniqueIdentifier>{d31f80c8-7591-4bc2-88ef-f39c69a88e1d}</UniqueIdentifier>
    </Filter>
    <Filter Include="Source Files\World">
      <UniqueIdentifier>{27df647e-326e-4eea-a61d-25e0cef68458}</UniqueIdentifier>
    </Filter>
    <Filter Include="Header Files\World\Creature">
      <UniqueIdentifier>{28f96a08-12b3-49ed-9641-6d98b1d18e13}</UniqueIdentifier>
    </Filter>
    <Filter Include="Header Files\World\Player">
      <UniqueIdentifier>{61c13a6c-5a83-4985-a176-ccb5705924cc}</UniqueIdentifier>
    </Filter>
    <Filter Include="Header Files\Menu">
      <UniqueIdentifier>{349f0963-866e-423a-b3ed-94df95d00cf9}</UniqueIdentifier>
    </Filter>
    <Filter Include="Source Files\Menu">
      <UniqueIdentifier>{1a5bd82d-f9ef-4b00-bab8-7c3902549969}</UniqueIdentifier>
    </Filter>
    <Filter Include="Header Files\Data">
      <UniqueIdentifier>{06408a1d-06bf-4f99-b31b-9482f0efaf1d}</UniqueIdentifier>
    </Filter>
    <Filter Include="Header Files\Shape">
      <UniqueIdentifier>{fe092424-04aa-431d-b7d3-f400ab14e48d}</UniqueIdentifier>
    </Filter>
    <Filter Include="Header Files\Physics">
      <UniqueIdentifier>{0ee7db77-f556-454c-9247-a4d2b2f26e5b}</UniqueIdentifier>
    </Filter>
    <Filter Include="Header Files\Tools">
      <UniqueIdentifier>{45d032a7-3c39-4057-93f6-57e7dfd06b7f}</UniqueIdentifier>
    </Filter>
    <Filter Include="Source Files\Tools">
      <UniqueIdentifier>{310dc3f3-fadd-4442-84ce-ffb942ecbcb3}</UniqueIdentifier>
    </Filter>
    <Filter Include="Source Files\Util">
      <UniqueIdentifier>{d92da138-e512-4652-bf60-d7d0cf4bccc3}</UniqueIdentifier>
    </Filter>
  </ItemGroup>
  <ItemGroup>
    <ClInclude Include="Game.h">
      <Filter>Header Files</Filter>
    </ClInclude>
    <ClInclude Include="World.h">
      <Filter>Header Files\World</Filter>
    </ClInclude>
    <ClInclude Include="Cell.h">
      <Filter>Header Files\World</Filter>
    </ClInclude>
    <ClInclude Include="Player.h">
      <Filter>Header Files\World\Player</Filter>
    </ClInclude>
    <ClInclude Include="Ground.h">
      <Filter>Header Files\World\Interactive</Filter>
    </ClInclude>
    <ClInclude Include="Tree.h">
      <Filter>Header Files\World\Interactive</Filter>
    </ClInclude>
    <ClInclude Include="Climbable.h">
      <Filter>Header Files\World\Interactive</Filter>
    </ClInclude>
    <ClInclude Include="Dynamic.h">
      <Filter>Header Files\World\Scenery</Filter>
    </ClInclude>
    <ClInclude Include="Static.h">
      <Filter>Header Files\World\Scenery</Filter>
    </ClInclude>
    <ClInclude Include="Sky.h">
      <Filter>Header Files\World\Environment</Filter>
    </ClInclude>
    <ClInclude Include="Environment.h">
      <Filter>Header Files\World\Environment</Filter>
    </ClInclude>
    <ClInclude Include="Menu.h">
      <Filter>Header Files\Menu</Filter>
    </ClInclude>
    <ClInclude Include="MapMenu.h">
      <Filter>Header Files\Menu</Filter>
    </ClInclude>
    <ClInclude Include="MainMenu.h">
      <Filter>Header Files\Menu</Filter>
    </ClInclude>
    <ClInclude Include="GameMenu.h">
      <Filter>Header Files\Menu</Filter>
    </ClInclude>
    <ClInclude Include="Creature.h">
      <Filter>Header Files\World\Creature</Filter>
    </ClInclude>
    <ClInclude Include="AggressiveCreature.h">
      <Filter>Header Files\World\Creature</Filter>
    </ClInclude>
    <ClInclude Include="Door.h">
      <Filter>Header Files\World\Interactive</Filter>
    </ClInclude>
    <ClInclude Include="PassiveCreature.h">
      <Filter>Header Files\World\Creature</Filter>
    </ClInclude>
    <ClInclude Include="InteractiveCreature.h">
      <Filter>Header Files\World\Creature</Filter>
    </ClInclude>
    <ClInclude Include="Interactive.h">
      <Filter>Header Files\World\Interactive</Filter>
    </ClInclude>
    <ClInclude Include="Data.h">
      <Filter>Header Files\Data</Filter>
    </ClInclude>
    <ClInclude Include="DataItem.h">
      <Filter>Header Files\Data</Filter>
    </ClInclude>
    <ClInclude Include="DataType.h">
      <Filter>Header Files\Data</Filter>
    </ClInclude>
    <ClInclude Include="CellLoader.h">
      <Filter>Header Files\Data</Filter>
    </ClInclude>
    <ClInclude Include="StringUtil.h">
      <Filter>Header Files\Utility</Filter>
    </ClInclude>
    <ClInclude Include="ShapeType.h">
      <Filter>Header Files\Shape</Filter>
    </ClInclude>
    <ClInclude Include="MapUtil.h">
      <Filter>Header Files\Utility</Filter>
    </ClInclude>
    <ClInclude Include="Shape.h">
      <Filter>Header Files\Shape</Filter>
    </ClInclude>
    <ClInclude Include="ShapeLine.h">
      <Filter>Header Files\Shape</Filter>
    </ClInclude>
    <ClInclude Include="ShapeImage.h">
      <Filter>Header Files\Shape</Filter>
    </ClInclude>
    <ClInclude Include="ShapeLineStrip.h">
      <Filter>Header Files\Shape</Filter>
    </ClInclude>
    <ClInclude Include="ShapeImageAnimated.h">
      <Filter>Header Files\Shape</Filter>
    </ClInclude>
    <ClInclude Include="ShapePoint.h">
      <Filter>Header Files\Shape</Filter>
    </ClInclude>
    <ClInclude Include="ImageUtil.h">
      <Filter>Header Files\Utility</Filter>
    </ClInclude>
    <ClInclude Include="PhysicsContactListener.h">
      <Filter>Header Files\Physics</Filter>
    </ClInclude>
    <ClInclude Include="PhysicsDebugDraw.h">
      <Filter>Header Files\Physics</Filter>
    </ClInclude>
    <ClInclude Include="PhysicsRayCast.h">
      <Filter>Header Files\Physics</Filter>
    </ClInclude>
    <ClInclude Include="ShapeRectangle.h">
      <Filter>Header Files\Shape</Filter>
    </ClInclude>
    <ClInclude Include="JsonUtil.h">
      <Filter>Header Files\Utility</Filter>
    </ClInclude>
    <ClInclude Include="Settings.h">
      <Filter>Header Files\Tools</Filter>
    </ClInclude>
    <ClInclude Include="Position.h">
      <Filter>Header Files\Tools</Filter>
    </ClInclude>
    <ClInclude Include="Line.h">
      <Filter>Header Files\Tools</Filter>
    </ClInclude>
    <ClInclude Include="Label.h">
      <Filter>Header Files\Tools</Filter>
    </ClInclude>
    <ClInclude Include="JsonBlockAllocator.h">
      <Filter>Header Files\Tools</Filter>
    </ClInclude>
    <ClInclude Include="Json.h">
      <Filter>Header Files\Tools</Filter>
    </ClInclude>
    <ClInclude Include="Id.h">
      <Filter>Header Files\Tools</Filter>
    </ClInclude>
    <ClInclude Include="Display.h">
      <Filter>Header Files\Tools</Filter>
    </ClInclude>
  </ItemGroup>
  <ItemGroup>
    <ClCompile Include="Game.cpp">
      <Filter>Source Files</Filter>
    </ClCompile>
    <ClCompile Include="World.cpp">
      <Filter>Source Files\World</Filter>
    </ClCompile>
    <ClCompile Include="Id.cpp">
      <Filter>Source Files\Tools</Filter>
    </ClCompile>
    <ClCompile Include="JsonBlockAllocator.cpp">
      <Filter>Source Files\Tools</Filter>
    </ClCompile>
    <ClCompile Include="Json.cpp">
      <Filter>Source Files\Tools</Filter>
    </ClCompile>
    <ClCompile Include="ImageUtil.cpp">
      <Filter>Source Files\Util</Filter>
    </ClCompile>
  </ItemGroup>
</Project>